// !$*UTF8*$!
{
	archiveVersion = 1;
	classes = {
	};
	objectVersion = 50;
	objects = {

/* Begin PBXBuildFile section */
		91C46B2623A0CDF90017EF01 /* AppDelegate.m in Sources */ = {isa = PBXBuildFile; fileRef = 91C46B2523A0CDF90017EF01 /* AppDelegate.m */; };
		91C46B2923A0CDF90017EF01 /* SceneDelegate.m in Sources */ = {isa = PBXBuildFile; fileRef = 91C46B2823A0CDF90017EF01 /* SceneDelegate.m */; };
		91C46B2C23A0CDF90017EF01 /* ViewController.m in Sources */ = {isa = PBXBuildFile; fileRef = 91C46B2B23A0CDF90017EF01 /* ViewController.m */; };
		91C46B2F23A0CDF90017EF01 /* Main.storyboard in Resources */ = {isa = PBXBuildFile; fileRef = 91C46B2D23A0CDF90017EF01 /* Main.storyboard */; };
		91C46B3123A0CDFA0017EF01 /* Assets.xcassets in Resources */ = {isa = PBXBuildFile; fileRef = 91C46B3023A0CDFA0017EF01 /* Assets.xcassets */; };
		91C46B3423A0CDFA0017EF01 /* LaunchScreen.storyboard in Resources */ = {isa = PBXBuildFile; fileRef = 91C46B3223A0CDFA0017EF01 /* LaunchScreen.storyboard */; };
		91C46B3723A0CDFA0017EF01 /* main.m in Sources */ = {isa = PBXBuildFile; fileRef = 91C46B3623A0CDFA0017EF01 /* main.m */; };
		91C46B4623A0CE080017EF01 /* WKCWeakProxy.m in Sources */ = {isa = PBXBuildFile; fileRef = 91C46B3E23A0CE080017EF01 /* WKCWeakProxy.m */; };
		91C46B4723A0CE080017EF01 /* WKCSliderView.m in Sources */ = {isa = PBXBuildFile; fileRef = 91C46B4123A0CE080017EF01 /* WKCSliderView.m */; };
		91C46B4823A0CE080017EF01 /* WKCProgressView.m in Sources */ = {isa = PBXBuildFile; fileRef = 91C46B4223A0CE080017EF01 /* WKCProgressView.m */; };
		91C46B4923A0CE080017EF01 /* WKCProgressLabel.m in Sources */ = {isa = PBXBuildFile; fileRef = 91C46B4523A0CE080017EF01 /* WKCProgressLabel.m */; };
/* End PBXBuildFile section */

/* Begin PBXFileReference section */
		91C46B2123A0CDF90017EF01 /* Demo.app */ = {isa = PBXFileReference; explicitFileType = wrapper.application; includeInIndex = 0; path = Demo.app; sourceTree = BUILT_PRODUCTS_DIR; };
		91C46B2423A0CDF90017EF01 /* AppDelegate.h */ = {isa = PBXFileReference; lastKnownFileType = sourcecode.c.h; path = AppDelegate.h; sourceTree = "<group>"; };
		91C46B2523A0CDF90017EF01 /* AppDelegate.m */ = {isa = PBXFileReference; lastKnownFileType = sourcecode.c.objc; path = AppDelegate.m; sourceTree = "<group>"; };
		91C46B2723A0CDF90017EF01 /* SceneDelegate.h */ = {isa = PBXFileReference; lastKnownFileType = sourcecode.c.h; path = SceneDelegate.h; sourceTree = "<group>"; };
		91C46B2823A0CDF90017EF01 /* SceneDelegate.m */ = {isa = PBXFileReference; lastKnownFileType = sourcecode.c.objc; path = SceneDelegate.m; sourceTree = "<group>"; };
		91C46B2A23A0CDF90017EF01 /* ViewController.h */ = {isa = PBXFileReference; lastKnownFileType = sourcecode.c.h; path = ViewController.h; sourceTree = "<group>"; };
		91C46B2B23A0CDF90017EF01 /* ViewController.m */ = {isa = PBXFileReference; lastKnownFileType = sourcecode.c.objc; path = ViewController.m; sourceTree = "<group>"; };
		91C46B2E23A0CDF90017EF01 /* Base */ = {isa = PBXFileReference; lastKnownFileType = file.storyboard; name = Base; path = Base.lproj/Main.storyboard; sourceTree = "<group>"; };
		91C46B3023A0CDFA0017EF01 /* Assets.xcassets */ = {isa = PBXFileReference; lastKnownFileType = folder.assetcatalog; path = Assets.xcassets; sourceTree = "<group>"; };
		91C46B3323A0CDFA0017EF01 /* Base */ = {isa = PBXFileReference; lastKnownFileType = file.storyboard; name = Base; path = Base.lproj/LaunchScreen.storyboard; sourceTree = "<group>"; };
		91C46B3523A0CDFA0017EF01 /* Info.plist */ = {isa = PBXFileReference; lastKnownFileType = text.plist.xml; path = Info.plist; sourceTree = "<group>"; };
		91C46B3623A0CDFA0017EF01 /* main.m */ = {isa = PBXFileReference; lastKnownFileType = sourcecode.c.objc; path = main.m; sourceTree = "<group>"; };
		91C46B3E23A0CE080017EF01 /* WKCWeakProxy.m */ = {isa = PBXFileReference; fileEncoding = 4; lastKnownFileType = sourcecode.c.objc; path = WKCWeakProxy.m; sourceTree = "<group>"; };
		91C46B3F23A0CE080017EF01 /* WKCProgressView.h */ = {isa = PBXFileReference; fileEncoding = 4; lastKnownFileType = sourcecode.c.h; path = WKCProgressView.h; sourceTree = "<group>"; };
		91C46B4023A0CE080017EF01 /* WKCProgressLabel.h */ = {isa = PBXFileReference; fileEncoding = 4; lastKnownFileType = sourcecode.c.h; path = WKCProgressLabel.h; sourceTree = "<group>"; };
		91C46B4123A0CE080017EF01 /* WKCSliderView.m */ = {isa = PBXFileReference; fileEncoding = 4; lastKnownFileType = sourcecode.c.objc; path = WKCSliderView.m; sourceTree = "<group>"; };
		91C46B4223A0CE080017EF01 /* WKCProgressView.m */ = {isa = PBXFileReference; fileEncoding = 4; lastKnownFileType = sourcecode.c.objc; path = WKCProgressView.m; sourceTree = "<group>"; };
		91C46B4323A0CE080017EF01 /* WKCWeakProxy.h */ = {isa = PBXFileReference; fileEncoding = 4; lastKnownFileType = sourcecode.c.h; path = WKCWeakProxy.h; sourceTree = "<group>"; };
		91C46B4423A0CE080017EF01 /* WKCSliderView.h */ = {isa = PBXFileReference; fileEncoding = 4; lastKnownFileType = sourcecode.c.h; path = WKCSliderView.h; sourceTree = "<group>"; };
		91C46B4523A0CE080017EF01 /* WKCProgressLabel.m */ = {isa = PBXFileReference; fileEncoding = 4; lastKnownFileType = sourcecode.c.objc; path = WKCProgressLabel.m; sourceTree = "<group>"; };
/* End PBXFileReference section */

/* Begin PBXFrameworksBuildPhase section */
		91C46B1E23A0CDF90017EF01 /* Frameworks */ = {
			isa = PBXFrameworksBuildPhase;
			buildActionMask = 2147483647;
			files = (
			);
			runOnlyForDeploymentPostprocessing = 0;
		};
/* End PBXFrameworksBuildPhase section */

/* Begin PBXGroup section */
		91C46B1823A0CDF90017EF01 = {
			isa = PBXGroup;
			children = (
				91C46B2323A0CDF90017EF01 /* Demo */,
				91C46B2223A0CDF90017EF01 /* Products */,
			);
			sourceTree = "<group>";
		};
		91C46B2223A0CDF90017EF01 /* Products */ = {
			isa = PBXGroup;
			children = (
				91C46B2123A0CDF90017EF01 /* Demo.app */,
			);
			name = Products;
			sourceTree = "<group>";
		};
		91C46B2323A0CDF90017EF01 /* Demo */ = {
			isa = PBXGroup;
			children = (
				91C46B3D23A0CE080017EF01 /* WKCSliderView */,
				91C46B2423A0CDF90017EF01 /* AppDelegate.h */,
				91C46B2523A0CDF90017EF01 /* AppDelegate.m */,
				91C46B2723A0CDF90017EF01 /* SceneDelegate.h */,
				91C46B2823A0CDF90017EF01 /* SceneDelegate.m */,
				91C46B2A23A0CDF90017EF01 /* ViewController.h */,
				91C46B2B23A0CDF90017EF01 /* ViewController.m */,
				91C46B2D23A0CDF90017EF01 /* Main.storyboard */,
				91C46B3023A0CDFA0017EF01 /* Assets.xcassets */,
				91C46B3223A0CDFA0017EF01 /* LaunchScreen.storyboard */,
				91C46B3523A0CDFA0017EF01 /* Info.plist */,
				91C46B3623A0CDFA0017EF01 /* main.m */,
			);
			path = Demo;
			sourceTree = "<group>";
		};
		91C46B3D23A0CE080017EF01 /* WKCSliderView */ = {
			isa = PBXGroup;
			children = (
				91C46B4023A0CE080017EF01 /* WKCProgressLabel.h */,
				91C46B4523A0CE080017EF01 /* WKCProgressLabel.m */,
				91C46B3F23A0CE080017EF01 /* WKCProgressView.h */,
				91C46B4223A0CE080017EF01 /* WKCProgressView.m */,
				91C46B4423A0CE080017EF01 /* WKCSliderView.h */,
				91C46B4123A0CE080017EF01 /* WKCSliderView.m */,
				91C46B4323A0CE080017EF01 /* WKCWeakProxy.h */,
				91C46B3E23A0CE080017EF01 /* WKCWeakProxy.m */,
			);
			path = WKCSliderView;
			sourceTree = "<group>";
		};
/* End PBXGroup section */

/* Begin PBXNativeTarget section */
		91C46B2023A0CDF90017EF01 /* Demo */ = {
			isa = PBXNativeTarget;
			buildConfigurationList = 91C46B3A23A0CDFA0017EF01 /* Build configuration list for PBXNativeTarget "Demo" */;
			buildPhases = (
				91C46B1D23A0CDF90017EF01 /* Sources */,
				91C46B1E23A0CDF90017EF01 /* Frameworks */,
				91C46B1F23A0CDF90017EF01 /* Resources */,
			);
			buildRules = (
			);
			dependencies = (
			);
			name = Demo;
			productName = Demo;
			productReference = 91C46B2123A0CDF90017EF01 /* Demo.app */;
			productType = "com.apple.product-type.application";
		};
/* End PBXNativeTarget section */

/* Begin PBXProject section */
		91C46B1923A0CDF90017EF01 /* Project object */ = {
			isa = PBXProject;
			attributes = {
				LastUpgradeCheck = 1130;
				ORGANIZATIONNAME = wkcloveYang;
				TargetAttributes = {
					91C46B2023A0CDF90017EF01 = {
						CreatedOnToolsVersion = 11.3;
					};
				};
			};
			buildConfigurationList = 91C46B1C23A0CDF90017EF01 /* Build configuration list for PBXProject "Demo" */;
			compatibilityVersion = "Xcode 9.3";
			developmentRegion = en;
			hasScannedForEncodings = 0;
			knownRegions = (
				en,
				Base,
			);
			mainGroup = 91C46B1823A0CDF90017EF01;
			productRefGroup = 91C46B2223A0CDF90017EF01 /* Products */;
			projectDirPath = "";
			projectRoot = "";
			targets = (
				91C46B2023A0CDF90017EF01 /* Demo */,
			);
		};
/* End PBXProject section */

/* Begin PBXResourcesBuildPhase section */
		91C46B1F23A0CDF90017EF01 /* Resources */ = {
			isa = PBXResourcesBuildPhase;
			buildActionMask = 2147483647;
			files = (
				91C46B3423A0CDFA0017EF01 /* LaunchScreen.storyboard in Resources */,
				91C46B3123A0CDFA0017EF01 /* Assets.xcassets in Resources */,
				91C46B2F23A0CDF90017EF01 /* Main.storyboard in Resources */,
			);
			runOnlyForDeploymentPostprocessing = 0;
		};
/* End PBXResourcesBuildPhase section */

/* Begin PBXSourcesBuildPhase section */
		91C46B1D23A0CDF90017EF01 /* Sources */ = {
			isa = PBXSourcesBuildPhase;
			buildActionMask = 2147483647;
			files = (
				91C46B2C23A0CDF90017EF01 /* ViewController.m in Sources */,
				91C46B4723A0CE080017EF01 /* WKCSliderView.m in Sources */,
				91C46B2623A0CDF90017EF01 /* AppDelegate.m in Sources */,
				91C46B3723A0CDFA0017EF01 /* main.m in Sources */,
				91C46B4823A0CE080017EF01 /* WKCProgressView.m in Sources */,
				91C46B4623A0CE080017EF01 /* WKCWeakProxy.m in Sources */,
				91C46B2923A0CDF90017EF01 /* SceneDelegate.m in Sources */,
				91C46B4923A0CE080017EF01 /* WKCProgressLabel.m in Sources */,
			);
			runOnlyForDeploymentPostprocessing = 0;
		};
/* End PBXSourcesBuildPhase section */

/* Begin PBXVariantGroup section */
		91C46B2D23A0CDF90017EF01 /* Main.storyboard */ = {
			isa = PBXVariantGroup;
			children = (
				91C46B2E23A0CDF90017EF01 /* Base */,
			);
			name = Main.storyboard;
			sourceTree = "<group>";
		};
		91C46B3223A0CDFA0017EF01 /* LaunchScreen.storyboard */ = {
			isa = PBXVariantGroup;
			children = (
				91C46B3323A0CDFA0017EF01 /* Base */,
			);
			name = LaunchScreen.storyboard;
			sourceTree = "<group>";
		};
/* End PBXVariantGroup section */

/* Begin XCBuildConfiguration section */
		91C46B3823A0CDFA0017EF01 /* Debug */ = {
			isa = XCBuildConfiguration;
			buildSettings = {
				ALWAYS_SEARCH_USER_PATHS = NO;
				CLANG_ANALYZER_NONNULL = YES;
				CLANG_ANALYZER_NUMBER_OBJECT_CONVERSION = YES_AGGRESSIVE;
				CLANG_CXX_LANGUAGE_STANDARD = "gnu++14";
				CLANG_CXX_LIBRARY = "libc++";
				CLANG_ENABLE_MODULES = YES;
				CLANG_ENABLE_OBJC_ARC = YES;
				CLANG_ENABLE_OBJC_WEAK = YES;
				CLANG_WARN_BLOCK_CAPTURE_AUTORELEASING = YES;
				CLANG_WARN_BOOL_CONVERSION = YES;
				CLANG_WARN_COMMA = YES;
				CLANG_WARN_CONSTANT_CONVERSION = YES;
				CLANG_WARN_DEPRECATED_OBJC_IMPLEMENTATIONS = YES;
				CLANG_WARN_DIRECT_OBJC_ISA_USAGE = YES_ERROR;
				CLANG_WARN_DOCUMENTATION_COMMENTS = YES;
				CLANG_WARN_EMPTY_BODY = YES;
				CLANG_WARN_ENUM_CONVERSION = YES;
				CLANG_WARN_INFINITE_RECURSION = YES;
				CLANG_WARN_INT_CONVERSION = YES;
				CLANG_WARN_NON_LITERAL_NULL_CONVERSION = YES;
				CLANG_WARN_OBJC_IMPLICIT_RETAIN_SELF = YES;
				CLANG_WARN_OBJC_LITERAL_CONVERSION = YES;
				CLANG_WARN_OBJC_ROOT_CLASS = YES_ERROR;
				CLANG_WARN_RANGE_LOOP_ANALYSIS = YES;
				CLANG_WARN_STRICT_PROTOTYPES = YES;
				CLANG_WARN_SUSPICIOUS_MOVE = YES;
				CLANG_WARN_UNGUARDED_AVAILABILITY = YES_AGGRESSIVE;
				CLANG_WARN_UNREACHABLE_CODE = YES;
				CLANG_WARN__DUPLICATE_METHOD_MATCH = YES;
				COPY_PHASE_STRIP = NO;
				DEBUG_INFORMATION_FORMAT = dwarf;
				ENABLE_STRICT_OBJC_MSGSEND = YES;
				ENABLE_TESTABILITY = YES;
				GCC_C_LANGUAGE_STANDARD = gnu11;
				GCC_DYNAMIC_NO_PIC = NO;
				GCC_NO_COMMON_BLOCKS = YES;
				GCC_OPTIMIZATION_LEVEL = 0;
				GCC_PREPROCESSOR_DEFINITIONS = (
					"DEBUG=1",
					"$(inherited)",
				);
				GCC_WARN_64_TO_32_BIT_CONVERSION = YES;
				GCC_WARN_ABOUT_RETURN_TYPE = YES_ERROR;
				GCC_WARN_UNDECLARED_SELECTOR = YES;
				GCC_WARN_UNINITIALIZED_AUTOS = YES_AGGRESSIVE;
				GCC_WARN_UNUSED_FUNCTION = YES;
				GCC_WARN_UNUSED_VARIABLE = YES;
				IPHONEOS_DEPLOYMENT_TARGET = 13.2;
				MTL_ENABLE_DEBUG_INFO = INCLUDE_SOURCE;
				MTL_FAST_MATH = YES;
				ONLY_ACTIVE_ARCH = YES;
				SDKROOT = iphoneos;
			};
			name = Debug;
		};
		91C46B3923A0CDFA0017EF01 /* Release */ = {
			isa = XCBuildConfiguration;
			buildSettings = {
				ALWAYS_SEARCH_USER_PATHS = NO;
				CLANG_ANALYZER_NONNULL = YES;
				CLANG_ANALYZER_NUMBER_OBJECT_CONVERSION = YES_AGGRESSIVE;
				CLANG_CXX_LANGUAGE_STANDARD = "gnu++14";
				CLANG_CXX_LIBRARY = "libc++";
				CLANG_ENABLE_MODULES = YES;
				CLANG_ENABLE_OBJC_ARC = YES;
				CLANG_ENABLE_OBJC_WEAK = YES;
				CLANG_WARN_BLOCK_CAPTURE_AUTORELEASING = YES;
				CLANG_WARN_BOOL_CONVERSION = YES;
				CLANG_WARN_COMMA = YES;
				CLANG_WARN_CONSTANT_CONVERSION = YES;
				CLANG_WARN_DEPRECATED_OBJC_IMPLEMENTATIONS = YES;
				CLANG_WARN_DIRECT_OBJC_ISA_USAGE = YES_ERROR;
				CLANG_WARN_DOCUMENTATION_COMMENTS = YES;
				CLANG_WARN_EMPTY_BODY = YES;
				CLANG_WARN_ENUM_CONVERSION = YES;
				CLANG_WARN_INFINITE_RECURSION = YES;
				CLANG_WARN_INT_CONVERSION = YES;
				CLANG_WARN_NON_LITERAL_NULL_CONVERSION = YES;
				CLANG_WARN_OBJC_IMPLICIT_RETAIN_SELF = YES;
				CLANG_WARN_OBJC_LITERAL_CONVERSION = YES;
				CLANG_WARN_OBJC_ROOT_CLASS = YES_ERROR;
				CLANG_WARN_RANGE_LOOP_ANALYSIS = YES;
				CLANG_WARN_STRICT_PROTOTYPES = YES;
				CLANG_WARN_SUSPICIOUS_MOVE = YES;
				CLANG_WARN_UNGUARDED_AVAILABILITY = YES_AGGRESSIVE;
				CLANG_WARN_UNREACHABLE_CODE = YES;
				CLANG_WARN__DUPLICATE_METHOD_MATCH = YES;
				COPY_PHASE_STRIP = NO;
				DEBUG_INFORMATION_FORMAT = "dwarf-with-dsym";
				ENABLE_NS_ASSERTIONS = NO;
				ENABLE_STRICT_OBJC_MSGSEND = YES;
				GCC_C_LANGUAGE_STANDARD = gnu11;
				GCC_NO_COMMON_BLOCKS = YES;
				GCC_WARN_64_TO_32_BIT_CONVERSION = YES;
				GCC_WARN_ABOUT_RETURN_TYPE = YES_ERROR;
				GCC_WARN_UNDECLARED_SELECTOR = YES;
				GCC_WARN_UNINITIALIZED_AUTOS = YES_AGGRESSIVE;
				GCC_WARN_UNUSED_FUNCTION = YES;
				GCC_WARN_UNUSED_VARIABLE = YES;
				IPHONEOS_DEPLOYMENT_TARGET = 13.2;
				MTL_ENABLE_DEBUG_INFO = NO;
				MTL_FAST_MATH = YES;
				SDKROOT = iphoneos;
				VALIDATE_PRODUCT = YES;
			};
			name = Release;
		};
		91C46B3B23A0CDFA0017EF01 /* Debug */ = {
			isa = XCBuildConfiguration;
			buildSettings = {
				ASSETCATALOG_COMPILER_APPICON_NAME = AppIcon;
				CODE_SIGN_STYLE = Automatic;
				DEVELOPMENT_TEAM = 6GT349JYDW;
				INFOPLIST_FILE = Demo/Info.plist;
				LD_RUNPATH_SEARCH_PATHS = (
					"$(inherited)",
					"@executable_path/Frameworks",
				);
				PRODUCT_BUNDLE_IDENTIFIER = wdadsad;
				PRODUCT_NAME = "$(TARGET_NAME)";
				TARGETED_DEVICE_FAMILY = "1,2";
			};
			name = Debug;
		};
		91C46B3C23A0CDFA0017EF01 /* Release */ = {
			isa = XCBuildConfiguration;
			buildSettings = {
				ASSETCATALOG_COMPILER_APPICON_NAME = AppIcon;
				CODE_SIGN_STYLE = Automatic;
				DEVELOPMENT_TEAM = 6GT349JYDW;
				INFOPLIST_FILE = Demo/Info.plist;
				LD_RUNPATH_SEARCH_PATHS = (
					"$(inherited)",
					"@executable_path/Frameworks",
				);
				PRODUCT_BUNDLE_IDENTIFIER = wdadsad;
				PRODUCT_NAME = "$(TARGET_NAME)";
				TARGETED_DEVICE_FAMILY = "1,2";
			};
			name = Release;
		};
/* End XCBuildConfiguration section */

/* Begin XCConfigurationList section */
		91C46B1C23A0CDF90017EF01 /* Build configuration list for PBXProject "Demo" */ = {
			isa = XCConfigurationList;
			buildConfigurations = (
				91C46B3823A0CDFA0017EF01 /* Debug */,
				91C46B3923A0CDFA0017EF01 /* Release */,
			);
			defaultConfigurationIsVisible = 0;
			defaultConfigurationName = Release;
		};
		91C46B3A23A0CDFA0017EF01 /* Build configuration list for PBXNativeTarget "Demo" */ = {
			isa = XCConfigurationList;
			buildConfigurations = (
				91C46B3B23A0CDFA0017EF01 /* Debug */,
				91C46B3C23A0CDFA0017EF01 /* Release */,
			);
			defaultConfigurationIsVisible = 0;
			defaultConfigurationName = Release;
		};
/* End XCConfigurationList section */
	};
	rootObject = 91C46B1923A0CDF90017EF01 /* Project object */;
}
