// !$*UTF8*$!
{
	archiveVersion = 1;
	classes = {
	};
	objectVersion = 50;
	objects = {

/* Begin PBXBuildFile section */
		3CF8B678270D427CA4C8DDBA /* libPods-default-Demo.a in Frameworks */ = {isa = PBXBuildFile; fileRef = E06771B7BC2572B9737AB603 /* libPods-default-Demo.a */; };
		91A3618D23A0CBDE00DBBCB1 /* WKCWeakProxy.m in Sources */ = {isa = PBXBuildFile; fileRef = 91A3618523A0CBDE00DBBCB1 /* WKCWeakProxy.m */; };
		91A3618E23A0CBDE00DBBCB1 /* WKCSliderView.m in Sources */ = {isa = PBXBuildFile; fileRef = 91A3618823A0CBDE00DBBCB1 /* WKCSliderView.m */; };
		91A3618F23A0CBDE00DBBCB1 /* WKCProgressView.m in Sources */ = {isa = PBXBuildFile; fileRef = 91A3618923A0CBDE00DBBCB1 /* WKCProgressView.m */; };
		91A3619023A0CBDE00DBBCB1 /* WKCProgressLabel.m in Sources */ = {isa = PBXBuildFile; fileRef = 91A3618C23A0CBDE00DBBCB1 /* WKCProgressLabel.m */; };
		91DC8F48230E8B740037437B /* AppDelegate.m in Sources */ = {isa = PBXBuildFile; fileRef = 91DC8F47230E8B740037437B /* AppDelegate.m */; };
		91DC8F4B230E8B740037437B /* ViewController.m in Sources */ = {isa = PBXBuildFile; fileRef = 91DC8F4A230E8B740037437B /* ViewController.m */; };
		91DC8F4E230E8B740037437B /* Main.storyboard in Resources */ = {isa = PBXBuildFile; fileRef = 91DC8F4C230E8B740037437B /* Main.storyboard */; };
		91DC8F50230E8B750037437B /* Assets.xcassets in Resources */ = {isa = PBXBuildFile; fileRef = 91DC8F4F230E8B750037437B /* Assets.xcassets */; };
		91DC8F53230E8B750037437B /* LaunchScreen.storyboard in Resources */ = {isa = PBXBuildFile; fileRef = 91DC8F51230E8B750037437B /* LaunchScreen.storyboard */; };
		91DC8F56230E8B750037437B /* main.m in Sources */ = {isa = PBXBuildFile; fileRef = 91DC8F55230E8B750037437B /* main.m */; };
/* End PBXBuildFile section */

/* Begin PBXFileReference section */
		68BBCCF977D5B2A07BAC94CB /* Pods-default-Demo.debug.xcconfig */ = {isa = PBXFileReference; includeInIndex = 1; lastKnownFileType = text.xcconfig; name = "Pods-default-Demo.debug.xcconfig"; path = "Target Support Files/Pods-default-Demo/Pods-default-Demo.debug.xcconfig"; sourceTree = "<group>"; };
		91A3618523A0CBDE00DBBCB1 /* WKCWeakProxy.m */ = {isa = PBXFileReference; fileEncoding = 4; lastKnownFileType = sourcecode.c.objc; path = WKCWeakProxy.m; sourceTree = "<group>"; };
		91A3618623A0CBDE00DBBCB1 /* WKCProgressView.h */ = {isa = PBXFileReference; fileEncoding = 4; lastKnownFileType = sourcecode.c.h; path = WKCProgressView.h; sourceTree = "<group>"; };
		91A3618723A0CBDE00DBBCB1 /* WKCProgressLabel.h */ = {isa = PBXFileReference; fileEncoding = 4; lastKnownFileType = sourcecode.c.h; path = WKCProgressLabel.h; sourceTree = "<group>"; };
		91A3618823A0CBDE00DBBCB1 /* WKCSliderView.m */ = {isa = PBXFileReference; fileEncoding = 4; lastKnownFileType = sourcecode.c.objc; path = WKCSliderView.m; sourceTree = "<group>"; };
		91A3618923A0CBDE00DBBCB1 /* WKCProgressView.m */ = {isa = PBXFileReference; fileEncoding = 4; lastKnownFileType = sourcecode.c.objc; path = WKCProgressView.m; sourceTree = "<group>"; };
		91A3618A23A0CBDE00DBBCB1 /* WKCWeakProxy.h */ = {isa = PBXFileReference; fileEncoding = 4; lastKnownFileType = sourcecode.c.h; path = WKCWeakProxy.h; sourceTree = "<group>"; };
		91A3618B23A0CBDE00DBBCB1 /* WKCSliderView.h */ = {isa = PBXFileReference; fileEncoding = 4; lastKnownFileType = sourcecode.c.h; path = WKCSliderView.h; sourceTree = "<group>"; };
		91A3618C23A0CBDE00DBBCB1 /* WKCProgressLabel.m */ = {isa = PBXFileReference; fileEncoding = 4; lastKnownFileType = sourcecode.c.objc; path = WKCProgressLabel.m; sourceTree = "<group>"; };
		91DC8F43230E8B740037437B /* Demo.app */ = {isa = PBXFileReference; explicitFileType = wrapper.application; includeInIndex = 0; path = Demo.app; sourceTree = BUILT_PRODUCTS_DIR; };
		91DC8F46230E8B740037437B /* AppDelegate.h */ = {isa = PBXFileReference; lastKnownFileType = sourcecode.c.h; path = AppDelegate.h; sourceTree = "<group>"; };
		91DC8F47230E8B740037437B /* AppDelegate.m */ = {isa = PBXFileReference; lastKnownFileType = sourcecode.c.objc; path = AppDelegate.m; sourceTree = "<group>"; };
		91DC8F49230E8B740037437B /* ViewController.h */ = {isa = PBXFileReference; lastKnownFileType = sourcecode.c.h; path = ViewController.h; sourceTree = "<group>"; };
		91DC8F4A230E8B740037437B /* ViewController.m */ = {isa = PBXFileReference; lastKnownFileType = sourcecode.c.objc; path = ViewController.m; sourceTree = "<group>"; };
		91DC8F4D230E8B740037437B /* Base */ = {isa = PBXFileReference; lastKnownFileType = file.storyboard; name = Base; path = Base.lproj/Main.storyboard; sourceTree = "<group>"; };
		91DC8F4F230E8B750037437B /* Assets.xcassets */ = {isa = PBXFileReference; lastKnownFileType = folder.assetcatalog; path = Assets.xcassets; sourceTree = "<group>"; };
		91DC8F52230E8B750037437B /* Base */ = {isa = PBXFileReference; lastKnownFileType = file.storyboard; name = Base; path = Base.lproj/LaunchScreen.storyboard; sourceTree = "<group>"; };
		91DC8F54230E8B750037437B /* Info.plist */ = {isa = PBXFileReference; lastKnownFileType = text.plist.xml; path = Info.plist; sourceTree = "<group>"; };
		91DC8F55230E8B750037437B /* main.m */ = {isa = PBXFileReference; lastKnownFileType = sourcecode.c.objc; path = main.m; sourceTree = "<group>"; };
		DB3212CF3CD8AB3B43EC4982 /* Pods-default-Demo.release.xcconfig */ = {isa = PBXFileReference; includeInIndex = 1; lastKnownFileType = text.xcconfig; name = "Pods-default-Demo.release.xcconfig"; path = "Target Support Files/Pods-default-Demo/Pods-default-Demo.release.xcconfig"; sourceTree = "<group>"; };
		E06771B7BC2572B9737AB603 /* libPods-default-Demo.a */ = {isa = PBXFileReference; explicitFileType = archive.ar; includeInIndex = 0; path = "libPods-default-Demo.a"; sourceTree = BUILT_PRODUCTS_DIR; };
/* End PBXFileReference section */

/* Begin PBXFrameworksBuildPhase section */
		91DC8F40230E8B740037437B /* Frameworks */ = {
			isa = PBXFrameworksBuildPhase;
			buildActionMask = 2147483647;
			files = (
				3CF8B678270D427CA4C8DDBA /* libPods-default-Demo.a in Frameworks */,
			);
			runOnlyForDeploymentPostprocessing = 0;
		};
/* End PBXFrameworksBuildPhase section */

/* Begin PBXGroup section */
		91A3618423A0CBDE00DBBCB1 /* WKCSliderView */ = {
			isa = PBXGroup;
			children = (
				91A3618523A0CBDE00DBBCB1 /* WKCWeakProxy.m */,
				91A3618623A0CBDE00DBBCB1 /* WKCProgressView.h */,
				91A3618723A0CBDE00DBBCB1 /* WKCProgressLabel.h */,
				91A3618823A0CBDE00DBBCB1 /* WKCSliderView.m */,
				91A3618923A0CBDE00DBBCB1 /* WKCProgressView.m */,
				91A3618A23A0CBDE00DBBCB1 /* WKCWeakProxy.h */,
				91A3618B23A0CBDE00DBBCB1 /* WKCSliderView.h */,
				91A3618C23A0CBDE00DBBCB1 /* WKCProgressLabel.m */,
			);
			name = WKCSliderView;
			path = ../../WKCSliderView;
			sourceTree = "<group>";
		};
		91DC8F3A230E8B740037437B = {
			isa = PBXGroup;
			children = (
				91DC8F45230E8B740037437B /* Demo */,
				91DC8F44230E8B740037437B /* Products */,
				92FF0A4531EB815B6D69932F /* Pods */,
				9282E322ABDDFFB9D6B106FB /* Frameworks */,
			);
			sourceTree = "<group>";
		};
		91DC8F44230E8B740037437B /* Products */ = {
			isa = PBXGroup;
			children = (
				91DC8F43230E8B740037437B /* Demo.app */,
			);
			name = Products;
			sourceTree = "<group>";
		};
		91DC8F45230E8B740037437B /* Demo */ = {
			isa = PBXGroup;
			children = (
				91A3618423A0CBDE00DBBCB1 /* WKCSliderView */,
				91DC8F46230E8B740037437B /* AppDelegate.h */,
				91DC8F47230E8B740037437B /* AppDelegate.m */,
				91DC8F49230E8B740037437B /* ViewController.h */,
				91DC8F4A230E8B740037437B /* ViewController.m */,
				91DC8F4C230E8B740037437B /* Main.storyboard */,
				91DC8F4F230E8B750037437B /* Assets.xcassets */,
				91DC8F51230E8B750037437B /* LaunchScreen.storyboard */,
				91DC8F54230E8B750037437B /* Info.plist */,
				91DC8F55230E8B750037437B /* main.m */,
			);
			path = Demo;
			sourceTree = "<group>";
		};
		9282E322ABDDFFB9D6B106FB /* Frameworks */ = {
			isa = PBXGroup;
			children = (
				E06771B7BC2572B9737AB603 /* libPods-default-Demo.a */,
			);
			name = Frameworks;
			sourceTree = "<group>";
		};
		92FF0A4531EB815B6D69932F /* Pods */ = {
			isa = PBXGroup;
			children = (
				68BBCCF977D5B2A07BAC94CB /* Pods-default-Demo.debug.xcconfig */,
				DB3212CF3CD8AB3B43EC4982 /* Pods-default-Demo.release.xcconfig */,
			);
			path = Pods;
			sourceTree = "<group>";
		};
/* End PBXGroup section */

/* Begin PBXNativeTarget section */
		91DC8F42230E8B740037437B /* Demo */ = {
			isa = PBXNativeTarget;
			buildConfigurationList = 91DC8F59230E8B750037437B /* Build configuration list for PBXNativeTarget "Demo" */;
			buildPhases = (
				7A294503B9991AC554CBA9CD /* [CP] Check Pods Manifest.lock */,
				91DC8F3F230E8B740037437B /* Sources */,
				91DC8F40230E8B740037437B /* Frameworks */,
				91DC8F41230E8B740037437B /* Resources */,
			);
			buildRules = (
			);
			dependencies = (
			);
			name = Demo;
			productName = Demo;
			productReference = 91DC8F43230E8B740037437B /* Demo.app */;
			productType = "com.apple.product-type.application";
		};
/* End PBXNativeTarget section */

/* Begin PBXProject section */
		91DC8F3B230E8B740037437B /* Project object */ = {
			isa = PBXProject;
			attributes = {
				LastUpgradeCheck = 1030;
				ORGANIZATIONNAME = wkcloveYang;
				TargetAttributes = {
					91DC8F42230E8B740037437B = {
						CreatedOnToolsVersion = 10.3;
					};
				};
			};
			buildConfigurationList = 91DC8F3E230E8B740037437B /* Build configuration list for PBXProject "Demo" */;
			compatibilityVersion = "Xcode 9.3";
			developmentRegion = en;
			hasScannedForEncodings = 0;
			knownRegions = (
				en,
				Base,
			);
			mainGroup = 91DC8F3A230E8B740037437B;
			productRefGroup = 91DC8F44230E8B740037437B /* Products */;
			projectDirPath = "";
			projectRoot = "";
			targets = (
				91DC8F42230E8B740037437B /* Demo */,
			);
		};
/* End PBXProject section */

/* Begin PBXResourcesBuildPhase section */
		91DC8F41230E8B740037437B /* Resources */ = {
			isa = PBXResourcesBuildPhase;
			buildActionMask = 2147483647;
			files = (
				91DC8F53230E8B750037437B /* LaunchScreen.storyboard in Resources */,
				91DC8F50230E8B750037437B /* Assets.xcassets in Resources */,
				91DC8F4E230E8B740037437B /* Main.storyboard in Resources */,
			);
			runOnlyForDeploymentPostprocessing = 0;
		};
/* End PBXResourcesBuildPhase section */

/* Begin PBXShellScriptBuildPhase section */
		7A294503B9991AC554CBA9CD /* [CP] Check Pods Manifest.lock */ = {
			isa = PBXShellScriptBuildPhase;
			buildActionMask = 2147483647;
			files = (
			);
			inputFileListPaths = (
			);
			inputPaths = (
				"${PODS_PODFILE_DIR_PATH}/Podfile.lock",
				"${PODS_ROOT}/Manifest.lock",
			);
			name = "[CP] Check Pods Manifest.lock";
			outputFileListPaths = (
			);
			outputPaths = (
				"$(DERIVED_FILE_DIR)/Pods-default-Demo-checkManifestLockResult.txt",
			);
			runOnlyForDeploymentPostprocessing = 0;
			shellPath = /bin/sh;
			shellScript = "diff \"${PODS_PODFILE_DIR_PATH}/Podfile.lock\" \"${PODS_ROOT}/Manifest.lock\" > /dev/null\nif [ $? != 0 ] ; then\n    # print error to STDERR\n    echo \"error: The sandbox is not in sync with the Podfile.lock. Run 'pod install' or update your CocoaPods installation.\" >&2\n    exit 1\nfi\n# This output is used by Xcode 'outputs' to avoid re-running this script phase.\necho \"SUCCESS\" > \"${SCRIPT_OUTPUT_FILE_0}\"\n";
			showEnvVarsInLog = 0;
		};
/* End PBXShellScriptBuildPhase section */

/* Begin PBXSourcesBuildPhase section */
		91DC8F3F230E8B740037437B /* Sources */ = {
			isa = PBXSourcesBuildPhase;
			buildActionMask = 2147483647;
			files = (
				91A3618D23A0CBDE00DBBCB1 /* WKCWeakProxy.m in Sources */,
				91A3619023A0CBDE00DBBCB1 /* WKCProgressLabel.m in Sources */,
				91A3618F23A0CBDE00DBBCB1 /* WKCProgressView.m in Sources */,
				91DC8F4B230E8B740037437B /* ViewController.m in Sources */,
				91A3618E23A0CBDE00DBBCB1 /* WKCSliderView.m in Sources */,
				91DC8F56230E8B750037437B /* main.m in Sources */,
				91DC8F48230E8B740037437B /* AppDelegate.m in Sources */,
			);
			runOnlyForDeploymentPostprocessing = 0;
		};
/* End PBXSourcesBuildPhase section */

/* Begin PBXVariantGroup section */
		91DC8F4C230E8B740037437B /* Main.storyboard */ = {
			isa = PBXVariantGroup;
			children = (
				91DC8F4D230E8B740037437B /* Base */,
			);
			name = Main.storyboard;
			sourceTree = "<group>";
		};
		91DC8F51230E8B750037437B /* LaunchScreen.storyboard */ = {
			isa = PBXVariantGroup;
			children = (
				91DC8F52230E8B750037437B /* Base */,
			);
			name = LaunchScreen.storyboard;
			sourceTree = "<group>";
		};
/* End PBXVariantGroup section */

/* Begin XCBuildConfiguration section */
		91DC8F57230E8B750037437B /* Debug */ = {
			isa = XCBuildConfiguration;
			buildSettings = {
				ALWAYS_SEARCH_USER_PATHS = NO;
				CLANG_ANALYZER_NONNULL = YES;
				CLANG_ANALYZER_NUMBER_OBJECT_CONVERSION = YES_AGGRESSIVE;
				CLANG_CXX_LANGUAGE_STANDARD = "gnu++14";
				CLANG_CXX_LIBRARY = "libc++";
				CLANG_ENABLE_MODULES = YES;
				CLANG_ENABLE_OBJC_ARC = YES;
				CLANG_ENABLE_OBJC_WEAK = YES;
				CLANG_WARN_BLOCK_CAPTURE_AUTORELEASING = YES;
				CLANG_WARN_BOOL_CONVERSION = YES;
				CLANG_WARN_COMMA = YES;
				CLANG_WARN_CONSTANT_CONVERSION = YES;
				CLANG_WARN_DEPRECATED_OBJC_IMPLEMENTATIONS = YES;
				CLANG_WARN_DIRECT_OBJC_ISA_USAGE = YES_ERROR;
				CLANG_WARN_DOCUMENTATION_COMMENTS = YES;
				CLANG_WARN_EMPTY_BODY = YES;
				CLANG_WARN_ENUM_CONVERSION = YES;
				CLANG_WARN_INFINITE_RECURSION = YES;
				CLANG_WARN_INT_CONVERSION = YES;
				CLANG_WARN_NON_LITERAL_NULL_CONVERSION = YES;
				CLANG_WARN_OBJC_IMPLICIT_RETAIN_SELF = YES;
				CLANG_WARN_OBJC_LITERAL_CONVERSION = YES;
				CLANG_WARN_OBJC_ROOT_CLASS = YES_ERROR;
				CLANG_WARN_RANGE_LOOP_ANALYSIS = YES;
				CLANG_WARN_STRICT_PROTOTYPES = YES;
				CLANG_WARN_SUSPICIOUS_MOVE = YES;
				CLANG_WARN_UNGUARDED_AVAILABILITY = YES_AGGRESSIVE;
				CLANG_WARN_UNREACHABLE_CODE = YES;
				CLANG_WARN__DUPLICATE_METHOD_MATCH = YES;
				CODE_SIGN_IDENTITY = "iPhone Developer";
				COPY_PHASE_STRIP = NO;
				DEBUG_INFORMATION_FORMAT = dwarf;
				ENABLE_STRICT_OBJC_MSGSEND = YES;
				ENABLE_TESTABILITY = YES;
				GCC_C_LANGUAGE_STANDARD = gnu11;
				GCC_DYNAMIC_NO_PIC = NO;
				GCC_NO_COMMON_BLOCKS = YES;
				GCC_OPTIMIZATION_LEVEL = 0;
				GCC_PREPROCESSOR_DEFINITIONS = (
					"DEBUG=1",
					"$(inherited)",
				);
				GCC_WARN_64_TO_32_BIT_CONVERSION = YES;
				GCC_WARN_ABOUT_RETURN_TYPE = YES_ERROR;
				GCC_WARN_UNDECLARED_SELECTOR = YES;
				GCC_WARN_UNINITIALIZED_AUTOS = YES_AGGRESSIVE;
				GCC_WARN_UNUSED_FUNCTION = YES;
				GCC_WARN_UNUSED_VARIABLE = YES;
				IPHONEOS_DEPLOYMENT_TARGET = 12.4;
				MTL_ENABLE_DEBUG_INFO = INCLUDE_SOURCE;
				MTL_FAST_MATH = YES;
				ONLY_ACTIVE_ARCH = YES;
				SDKROOT = iphoneos;
			};
			name = Debug;
		};
		91DC8F58230E8B750037437B /* Release */ = {
			isa = XCBuildConfiguration;
			buildSettings = {
				ALWAYS_SEARCH_USER_PATHS = NO;
				CLANG_ANALYZER_NONNULL = YES;
				CLANG_ANALYZER_NUMBER_OBJECT_CONVERSION = YES_AGGRESSIVE;
				CLANG_CXX_LANGUAGE_STANDARD = "gnu++14";
				CLANG_CXX_LIBRARY = "libc++";
				CLANG_ENABLE_MODULES = YES;
				CLANG_ENABLE_OBJC_ARC = YES;
				CLANG_ENABLE_OBJC_WEAK = YES;
				CLANG_WARN_BLOCK_CAPTURE_AUTORELEASING = YES;
				CLANG_WARN_BOOL_CONVERSION = YES;
				CLANG_WARN_COMMA = YES;
				CLANG_WARN_CONSTANT_CONVERSION = YES;
				CLANG_WARN_DEPRECATED_OBJC_IMPLEMENTATIONS = YES;
				CLANG_WARN_DIRECT_OBJC_ISA_USAGE = YES_ERROR;
				CLANG_WARN_DOCUMENTATION_COMMENTS = YES;
				CLANG_WARN_EMPTY_BODY = YES;
				CLANG_WARN_ENUM_CONVERSION = YES;
				CLANG_WARN_INFINITE_RECURSION = YES;
				CLANG_WARN_INT_CONVERSION = YES;
				CLANG_WARN_NON_LITERAL_NULL_CONVERSION = YES;
				CLANG_WARN_OBJC_IMPLICIT_RETAIN_SELF = YES;
				CLANG_WARN_OBJC_LITERAL_CONVERSION = YES;
				CLANG_WARN_OBJC_ROOT_CLASS = YES_ERROR;
				CLANG_WARN_RANGE_LOOP_ANALYSIS = YES;
				CLANG_WARN_STRICT_PROTOTYPES = YES;
				CLANG_WARN_SUSPICIOUS_MOVE = YES;
				CLANG_WARN_UNGUARDED_AVAILABILITY = YES_AGGRESSIVE;
				CLANG_WARN_UNREACHABLE_CODE = YES;
				CLANG_WARN__DUPLICATE_METHOD_MATCH = YES;
				CODE_SIGN_IDENTITY = "iPhone Developer";
				COPY_PHASE_STRIP = NO;
				DEBUG_INFORMATION_FORMAT = "dwarf-with-dsym";
				ENABLE_NS_ASSERTIONS = NO;
				ENABLE_STRICT_OBJC_MSGSEND = YES;
				GCC_C_LANGUAGE_STANDARD = gnu11;
				GCC_NO_COMMON_BLOCKS = YES;
				GCC_WARN_64_TO_32_BIT_CONVERSION = YES;
				GCC_WARN_ABOUT_RETURN_TYPE = YES_ERROR;
				GCC_WARN_UNDECLARED_SELECTOR = YES;
				GCC_WARN_UNINITIALIZED_AUTOS = YES_AGGRESSIVE;
				GCC_WARN_UNUSED_FUNCTION = YES;
				GCC_WARN_UNUSED_VARIABLE = YES;
				IPHONEOS_DEPLOYMENT_TARGET = 12.4;
				MTL_ENABLE_DEBUG_INFO = NO;
				MTL_FAST_MATH = YES;
				SDKROOT = iphoneos;
				VALIDATE_PRODUCT = YES;
			};
			name = Release;
		};
		91DC8F5A230E8B750037437B /* Debug */ = {
			isa = XCBuildConfiguration;
			baseConfigurationReference = 68BBCCF977D5B2A07BAC94CB /* Pods-default-Demo.debug.xcconfig */;
			buildSettings = {
				ASSETCATALOG_COMPILER_APPICON_NAME = AppIcon;
				CODE_SIGN_STYLE = Automatic;
				DEVELOPMENT_TEAM = 23869FAP88;
				INFOPLIST_FILE = Demo/Info.plist;
				LD_RUNPATH_SEARCH_PATHS = (
					"$(inherited)",
					"@executable_path/Frameworks",
				);
				PRODUCT_BUNDLE_IDENTIFIER = WKC.Demo;
				PRODUCT_NAME = "$(TARGET_NAME)";
				TARGETED_DEVICE_FAMILY = "1,2";
			};
			name = Debug;
		};
		91DC8F5B230E8B750037437B /* Release */ = {
			isa = XCBuildConfiguration;
			baseConfigurationReference = DB3212CF3CD8AB3B43EC4982 /* Pods-default-Demo.release.xcconfig */;
			buildSettings = {
				ASSETCATALOG_COMPILER_APPICON_NAME = AppIcon;
				CODE_SIGN_STYLE = Automatic;
				DEVELOPMENT_TEAM = 23869FAP88;
				INFOPLIST_FILE = Demo/Info.plist;
				LD_RUNPATH_SEARCH_PATHS = (
					"$(inherited)",
					"@executable_path/Frameworks",
				);
				PRODUCT_BUNDLE_IDENTIFIER = WKC.Demo;
				PRODUCT_NAME = "$(TARGET_NAME)";
				TARGETED_DEVICE_FAMILY = "1,2";
			};
			name = Release;
		};
/* End XCBuildConfiguration section */

/* Begin XCConfigurationList section */
		91DC8F3E230E8B740037437B /* Build configuration list for PBXProject "Demo" */ = {
			isa = XCConfigurationList;
			buildConfigurations = (
				91DC8F57230E8B750037437B /* Debug */,
				91DC8F58230E8B750037437B /* Release */,
			);
			defaultConfigurationIsVisible = 0;
			defaultConfigurationName = Release;
		};
		91DC8F59230E8B750037437B /* Build configuration list for PBXNativeTarget "Demo" */ = {
			isa = XCConfigurationList;
			buildConfigurations = (
				91DC8F5A230E8B750037437B /* Debug */,
				91DC8F5B230E8B750037437B /* Release */,
			);
			defaultConfigurationIsVisible = 0;
			defaultConfigurationName = Release;
		};
/* End XCConfigurationList section */
	};
	rootObject = 91DC8F3B230E8B740037437B /* Project object */;
}
